
Microsoft Visual Studio Solution File, Format Version 12.00
# Visual Studio 14
VisualStudioVersion = 14.0.23107.0
MinimumVisualStudioVersion = 10.0.40219.1
Project("{F184B08F-C81C-45F6-A57F-5ABD9991F28F}") = "Luigibot-Discord", "Luigibot-Discord\Luigibot-Discord.vbproj", "{B28CF819-D329-4F8A-A6FF-1715B88FE2B5}"
EndProject
Project("{FAE04EC0-301F-11D3-BF4B-00C04F79EFBC}") = "LuigibotSharpClasses", "LuigibotSharpClasses\LuigibotSharpClasses.csproj", "{CC79568C-5D7F-4288-8F90-B2694D0A168F}"
EndProject
Global
	GlobalSection(SolutionConfigurationPlatforms) = preSolution
		Debug|Any CPU = Debug|Any CPU
		Release|Any CPU = Release|Any CPU
	EndGlobalSection
	GlobalSection(ProjectConfigurationPlatforms) = postSolution
		{B28CF819-D329-4F8A-A6FF-1715B88FE2B5}.Debug|Any CPU.ActiveCfg = Debug|Any CPU
		{B28CF819-D329-4F8A-A6FF-1715B88FE2B5}.Debug|Any CPU.Build.0 = Debug|Any CPU
		{B28CF819-D329-4F8A-A6FF-1715B88FE2B5}.Release|Any CPU.ActiveCfg = Release|Any CPU
		{B28CF819-D329-4F8A-A6FF-1715B88FE2B5}.Release|Any CPU.Build.0 = Release|Any CPU
		{CC79568C-5D7F-4288-8F90-B2694D0A168F}.Debug|Any CPU.ActiveCfg = Debug|Any CPU
		{CC79568C-5D7F-4288-8F90-B2694D0A168F}.Debug|Any CPU.Build.0 = Debug|Any CPU
		{CC79568C-5D7F-4288-8F90-B2694D0A168F}.Release|Any CPU.ActiveCfg = Release|Any CPU
		{CC79568C-5D7F-4288-8F90-B2694D0A168F}.Release|Any CPU.Build.0 = Release|Any CPU
	EndGlobalSection
	GlobalSection(SolutionProperties) = preSolution
		HideSolutionNode = FALSE
	EndGlobalSection
EndGlobal
